#MicroXplorer Configuration settings - do not modify
Mcu.Family=STM32F4
ProjectManager.MainLocation=Core/Src
SH.S_TIM4_CH2.ConfNb=1
USART2.IPParameters=VirtualMode
RCC.CortexFreq_Value=84000000
ProjectManager.KeepUserCode=true
Mcu.UserName=STM32F401RCTx
RCC.PLLCLKFreq_Value=84000000
RCC.PLLQCLKFreq_Value=48000000
PC5.Locked=true
ProjectManager.functionlistsort=
PA9.GPIOParameters=GPIO_Label
PA11.Mode=Device_Only
RCC.RTCFreq_Value=32000
PA3.GPIOParameters=GPIO_Label
PC9.Locked=true
PA6.GPIO_Label=BUTTON2
PB0.GPIO_Label=LDR
PB6.GPIO_Label=LE
USART1.IPParameters=VirtualMode
PA2.GPIOParameters=GPIO_Label
PinOutPanel.RotationAngle=0
RCC.SYSCLKSource=RCC_SYSCLKSOURCE_PLLCLK
ProjectManager.StackSize=0x400
PB5.GPIOParameters=GPIO_Label
Mcu.IP4=SYS
RCC.FCLKCortexFreq_Value=84000000
Mcu.IP5=TIM4
Mcu.IP2=NVIC
NVIC.SVCall_IRQn=true\:0\:0\:false\:false\:true\:false\:false
Mcu.IP3=RCC
PA15.GPIO_Label=HV_ENABLE
PB4.GPIOParameters=GPIO_Label
Mcu.IP0=ADC1
Mcu.IP1=I2C1
PA12.Signal=USB_OTG_FS_DP
Mcu.UserConstants=
PH0\ -\ OSC_IN.Signal=RCC_OSC_IN
Mcu.ThirdPartyNb=0
RCC.HCLKFreq_Value=84000000
Mcu.IPNb=9
RCC.I2SClocksFreq_Value=192000000
ProjectManager.PreviousToolchain=
RCC.APB2TimFreq_Value=84000000
PB6.Signal=GPIO_Output
RCC.VcooutputI2S=192000000
PA8.GPIOParameters=GPIO_Label
Mcu.Pin6=PA2
Mcu.Pin7=PA3
Mcu.Pin8=PA4
Mcu.Pin9=PA5
RCC.AHBFreq_Value=84000000
Mcu.Pin0=PC13-ANTI_TAMP
Mcu.Pin1=PC14-OSC32_IN
GPIO.groupedBy=
Mcu.Pin2=PC15-OSC32_OUT
Mcu.Pin3=PH0 - OSC_IN
Mcu.Pin4=PH1 - OSC_OUT
Mcu.Pin5=PA1
ADC1.Channel-0\#ChannelRegularConversion=ADC_CHANNEL_8
ProjectManager.ProjectBuild=false
RCC.HSE_VALUE=8000000
NVIC.UsageFault_IRQn=true\:0\:0\:false\:false\:true\:false\:false
NVIC.DebugMonitor_IRQn=true\:0\:0\:false\:false\:true\:false\:false
PA8.Locked=true
PA4.Locked=true
PC13-ANTI_TAMP.Signal=GPIO_Input
NVIC.SysTick_IRQn=true\:0\:0\:false\:false\:true\:false\:true
ProjectManager.FirmwarePackage=STM32Cube FW_F4 V1.25.2
MxDb.Version=DB.6.0.0
PB0.GPIOParameters=GPIO_Label
PA1.GPIOParameters=GPIO_Label
ProjectManager.BackupPrevious=false
PC14-OSC32_IN.Mode=LSE-External-Oscillator
RCC.VCOInputFreq_Value=2000000
PC4.GPIO_Label=BUTTON4
PA14.Mode=Serial_Wire
File.Version=6
PA10.GPIO_Label=AUX_RX
SH.ADCx_IN8.0=ADC1_IN8,IN8
SH.S_TIM4_CH2.0=TIM4_CH2,PWM Generation2 CH2
PB7.Signal=S_TIM4_CH2
PB8.Locked=true
PA8.Signal=GPIO_Output
PB6.Locked=true
NVIC.PendSV_IRQn=true\:0\:0\:false\:false\:true\:false\:false
PB6.GPIOParameters=GPIO_Label
ProjectManager.HalAssertFull=false
ADC1.SamplingTime-0\#ChannelRegularConversion=ADC_SAMPLETIME_3CYCLES
ProjectManager.ProjectName=Main
PB7.GPIO_Label=BL
RCC.MCO2PinFreq_Value=84000000
Mcu.Package=LQFP64
PB9.Signal=I2C1_SDA
PA6.Signal=GPIO_Input
PA7.Locked=true
PA5.Locked=true
USART2.VirtualMode=VM_ASYNC
ProjectManager.ToolChainLocation=
PA2.GPIO_Label=BT_TX
RCC.LSI_VALUE=32000
VP_SYS_VS_Systick.Signal=SYS_VS_Systick
PA10.Signal=USART1_RX
USB_OTG_FS.VirtualMode=Device_Only
PA15.Signal=GPIO_Output
PA5.GPIOParameters=GPIO_Label
PB5.GPIO_Label=CLK
RCC.APB1TimFreq_Value=84000000
NVIC.BusFault_IRQn=true\:0\:0\:false\:false\:true\:false\:false
PC4.Locked=true
PC5.Signal=GPIO_Input
USB_OTG_FS.IPParameters=VirtualMode
PA4.GPIO_Label=BUZZER
ProjectManager.CustomerFirmwarePackage=
PC4.GPIOParameters=GPIO_Label
PB4.Signal=GPIO_Output
PA3.Signal=USART2_RX
PC13-ANTI_TAMP.GPIOParameters=GPIO_Label
PA6.GPIOParameters=GPIO_Label
PC15-OSC32_OUT.Mode=LSE-External-Oscillator
ProjectManager.ProjectFileName=Main.ioc
PB8.GPIOParameters=GPIO_Label
ADC1.Rank-0\#ChannelRegularConversion=1
PB9.GPIO_Label=BATT_SDA
PA10.Mode=Asynchronous
PA15.GPIOParameters=GPIO_Label
Mcu.PinsNb=31
PC9.GPIO_Label=VBUS_DETECT
ProjectManager.NoMain=false
PC13-ANTI_TAMP.GPIO_Label=BATT_INT
ADC1.IPParameters=Rank-0\#ChannelRegularConversion,master,Channel-0\#ChannelRegularConversion,SamplingTime-0\#ChannelRegularConversion,NbrOfConversionFlag
PA9.GPIO_Label=AUX_TX
PH1\ -\ OSC_OUT.Mode=HSE-External-Oscillator
PC4.Signal=GPIO_Input
ProjectManager.DefaultFWLocation=true
ProjectManager.DeletePrevious=true
RCC.APB1CLKDivider=RCC_HCLK_DIV2
PC14-OSC32_IN.Signal=RCC_OSC32_IN
PB9.GPIOParameters=GPIO_Label
PA3.Mode=Asynchronous
PA13.Signal=SYS_JTMS-SWDIO
PB8.GPIO_Label=BATT_SCL
PA15.Locked=true
PA9.Mode=Asynchronous
PH0\ -\ OSC_IN.Mode=HSE-External-Oscillator
PA8.GPIO_Label=USB_SEL
ProjectManager.TargetToolchain=EWARM V8.32
TIM4.IPParameters=Channel-PWM Generation2 CH2
PB7.GPIOParameters=GPIO_Label
PC5.GPIOParameters=GPIO_Label
PB9.Mode=I2C
PA9.Signal=USART1_TX
PB5.Locked=true
PB9.Locked=true
ProjectManager.RegisterCallBack=
PC15-OSC32_OUT.Signal=RCC_OSC32_OUT
PA1.Signal=GPIO_Input
RCC.VCOI2SOutputFreq_Value=384000000
PA5.Signal=GPIO_Input
PH1\ -\ OSC_OUT.Signal=RCC_OSC_OUT
board=custom
RCC.VCOOutputFreq_Value=336000000
PC13-ANTI_TAMP.Locked=true
ProjectManager.LastFirmware=true
TIM4.Channel-PWM\ Generation2\ CH2=TIM_CHANNEL_2
RCC.APB2Freq_Value=84000000
MxCube.Version=6.0.1
PB4.GPIO_Label=DAT
Mcu.Pin30=VP_SYS_VS_Systick
PA1.GPIO_Label=BT_CONN
PA10.GPIOParameters=GPIO_Label
VP_SYS_VS_Systick.Mode=SysTick
NVIC.NonMaskableInt_IRQn=true\:0\:0\:false\:false\:true\:false\:false
PA4.GPIOParameters=GPIO_Label
SH.ADCx_IN8.ConfNb=1
PA13.Mode=Serial_Wire
ProjectManager.FreePins=false
RCC.IPParameters=48MHZClocksFreq_Value,AHBFreq_Value,APB1CLKDivider,APB1Freq_Value,APB1TimFreq_Value,APB2Freq_Value,APB2TimFreq_Value,CortexFreq_Value,FCLKCortexFreq_Value,HCLKFreq_Value,HSE_VALUE,HSI_VALUE,I2SClocksFreq_Value,LSI_VALUE,MCO2PinFreq_Value,PLLCLKFreq_Value,PLLM,PLLN,PLLP,PLLQ,PLLQCLKFreq_Value,RTCFreq_Value,RTCHSEDivFreq_Value,SYSCLKFreq_VALUE,SYSCLKSource,VCOI2SOutputFreq_Value,VCOInputFreq_Value,VCOOutputFreq_Value,VcooutputI2S
PC9.GPIOParameters=GPIO_Label
ProjectManager.AskForMigrate=true
Mcu.Name=STM32F401R(B-C)Tx
Mcu.Pin26=PB6
Mcu.Pin27=PB7
RCC.RTCHSEDivFreq_Value=4000000
PA2.Signal=USART2_TX
Mcu.Pin24=PB4
ProjectManager.UnderRoot=false
Mcu.Pin25=PB5
Mcu.IP8=USB_OTG_FS
Mcu.Pin28=PB8
Mcu.IP6=USART1
Mcu.Pin29=PB9
Mcu.IP7=USART2
ProjectManager.CoupleFile=false
PB4.Locked=true
RCC.48MHZClocksFreq_Value=48000000
PA4.Signal=GPIO_Output
RCC.SYSCLKFreq_VALUE=84000000
PB5.Signal=GPIO_Output
Mcu.Pin22=PA14
Mcu.Pin23=PA15
PA1.Locked=true
PA7.GPIO_Label=BUTTON3
Mcu.Pin20=PA12
ADC1.master=1
Mcu.Pin21=PA13
PA12.Mode=Device_Only
PA5.GPIO_Label=BUTTON1
NVIC.ForceEnableDMAVector=true
KeepUserPlacement=false
PC5.GPIO_Label=BUTTON5
NVIC.MemoryManagement_IRQn=true\:0\:0\:false\:false\:true\:false\:false
USART1.VirtualMode=VM_ASYNC
ProjectManager.CompilerOptimize=6
PA11.Signal=USB_OTG_FS_DM
PA14.Signal=SYS_JTCK-SWCLK
ProjectManager.HeapSize=0x200
Mcu.Pin15=PC9
NVIC.HardFault_IRQn=true\:0\:0\:false\:false\:true\:false\:false
Mcu.Pin16=PA8
Mcu.Pin13=PC5
Mcu.Pin14=PB0
Mcu.Pin19=PA11
ProjectManager.ComputerToolchain=false
Mcu.Pin17=PA9
RCC.HSI_VALUE=16000000
Mcu.Pin18=PA10
RCC.PLLP=RCC_PLLP_DIV4
RCC.PLLQ=7
NVIC.PriorityGroup=NVIC_PRIORITYGROUP_4
ADC1.NbrOfConversionFlag=1
Mcu.Pin11=PA7
Mcu.Pin12=PC4
RCC.PLLM=4
PB8.Mode=I2C
RCC.PLLN=168
Mcu.Pin10=PA6
PB7.Locked=true
PA2.Mode=Asynchronous
PB8.Signal=I2C1_SCL
PC9.Signal=GPIO_Input
RCC.APB1Freq_Value=42000000
PB0.Signal=ADCx_IN8
PA7.GPIOParameters=GPIO_Label
ProjectManager.DeviceId=STM32F401RCTx
ProjectManager.LibraryCopy=0
PA3.GPIO_Label=BT_RX
PA7.Signal=GPIO_Input
PA6.Locked=true
